
Microsoft Visual Studio Solution File, Format Version 12.00
# Visual Studio 15
VisualStudioVersion = 15.0.28307.1738
MinimumVisualStudioVersion = 10.0.40219.1
Project("{FAE04EC0-301F-11D3-BF4B-00C04F79EFBC}") = "MemoryMatchingGame", "MemoryMatchingGame.csproj", "{1660695C-CD2A-4BA4-94C2-9D8C6436EAF7}"
EndProject
Global
	GlobalSection(SolutionConfigurationPlatforms) = preSolution
		Debug|Any CPU = Debug|Any CPU
		Release|Any CPU = Release|Any CPU
	EndGlobalSection
	GlobalSection(ProjectConfigurationPlatforms) = postSolution
		{1660695C-CD2A-4BA4-94C2-9D8C6436EAF7}.Debug|Any CPU.ActiveCfg = Debug|Any CPU
		{1660695C-CD2A-4BA4-94C2-9D8C6436EAF7}.Debug|Any CPU.Build.0 = Debug|Any CPU
		{1660695C-CD2A-4BA4-94C2-9D8C6436EAF7}.Release|Any CPU.ActiveCfg = Release|Any CPU
		{1660695C-CD2A-4BA4-94C2-9D8C6436EAF7}.Release|Any CPU.Build.0 = Release|Any CPU
	EndGlobalSection
	GlobalSection(SolutionProperties) = preSolution
		HideSolutionNode = FALSE
	EndGlobalSection
	GlobalSection(ExtensibilityGlobals) = postSolution
		SolutionGuid = {6C264C2C-B51A-4B75-879A-04FD7E20CD9D}
	EndGlobalSection
EndGlobal
